
Microsoft Visual Studio Solution File, Format Version 12.00
# Visual Studio 15
VisualStudioVersion = 15.0.28307.2092
MinimumVisualStudioVersion = 10.0.40219.1
Project("{FAE04EC0-301F-11D3-BF4B-00C04F79EFBC}") = "GROUP_PROJECT", "GROUP_PROJECT\GROUP_PROJECT.csproj", "{3080FE89-BD81-48AC-BD69-48BCEF195244}"
EndProject
Global
	GlobalSection(SolutionConfigurationPlatforms) = preSolution
		Debug|Any CPU = Debug|Any CPU
		Release|Any CPU = Release|Any CPU
	EndGlobalSection
	GlobalSection(ProjectConfigurationPlatforms) = postSolution
		{3080FE89-BD81-48AC-BD69-48BCEF195244}.Debug|Any CPU.ActiveCfg = Debug|Any CPU
		{3080FE89-BD81-48AC-BD69-48BCEF195244}.Debug|Any CPU.Build.0 = Debug|Any CPU
		{3080FE89-BD81-48AC-BD69-48BCEF195244}.Release|Any CPU.ActiveCfg = Release|Any CPU
		{3080FE89-BD81-48AC-BD69-48BCEF195244}.Release|Any CPU.Build.0 = Release|Any CPU
	EndGlobalSection
	GlobalSection(SolutionProperties) = preSolution
		HideSolutionNode = FALSE
	EndGlobalSection
	GlobalSection(ExtensibilityGlobals) = postSolution
		SolutionGuid = {D53DE63A-0D7C-4BE7-9FCB-AB1879EA5DE9}
	EndGlobalSection
EndGlobal
